
Microsoft Visual Studio Solution File, Format Version 12.00
# Visual Studio Version 17
VisualStudioVersion = 17.7.34221.43
MinimumVisualStudioVersion = 10.0.40219.1
Project("{FAE04EC0-301F-11D3-BF4B-00C04F79EFBC}") = "SocketNetworking", "SocketNetworking\SocketNetworking.csproj", "{AB97887E-EF11-4CE3-83B6-7E91456CF035}"
EndProject
Project("{FAE04EC0-301F-11D3-BF4B-00C04F79EFBC}") = "SocketNetworking.UnityEngine", "SocketNetworking.UnityEngine\SocketNetworking.UnityEngine.csproj", "{B7A10214-8A6C-480F-B411-0508060C352D}"
EndProject
Project("{FAE04EC0-301F-11D3-BF4B-00C04F79EFBC}") = "SocketNetworking.Tests", "SocketNetworking.Tests\SocketNetworking.Tests.csproj", "{F8A3DDFE-39A6-403E-BFD4-47F7CFD1A5F8}"
EndProject
Project("{2150E333-8FDC-42A3-9474-1A3956D46DE8}") = "Examples", "Examples", "{7AB7E9B4-4999-4CA9-B176-31D858F2C53F}"
EndProject
Project("{2150E333-8FDC-42A3-9474-1A3956D46DE8}") = "Basics", "Basics", "{7E58342A-ECC9-4EA0-AF5A-FC144614A16A}"
EndProject
Project("{FAE04EC0-301F-11D3-BF4B-00C04F79EFBC}") = "SocketNetworking.Example.Client", "SocketNetworking.Examples\Basics\Client\SocketNetworking.Example.Client.csproj", "{604C49D0-F0D5-4CA4-A627-5B47DF2D76A3}"
EndProject
Project("{FAE04EC0-301F-11D3-BF4B-00C04F79EFBC}") = "SocketNetworking.Example.Server", "SocketNetworking.Examples\Basics\Server\SocketNetworking.Example.Server.csproj", "{F8CBB59A-172D-4BF6-BCE7-9D53154F61B3}"
EndProject
Project("{FAE04EC0-301F-11D3-BF4B-00C04F79EFBC}") = "SocketNetworking.Example.SharedData", "SocketNetworking.Examples\Basics\SharedData\SocketNetworking.Example.SharedData.csproj", "{8D731EE2-AE7E-48A8-9A26-8F370D9FA1A2}"
EndProject
Global
	GlobalSection(SolutionConfigurationPlatforms) = preSolution
		Debug|Any CPU = Debug|Any CPU
		Debug|x64 = Debug|x64
		Release|Any CPU = Release|Any CPU
		Release|x64 = Release|x64
	EndGlobalSection
	GlobalSection(ProjectConfigurationPlatforms) = postSolution
		{AB97887E-EF11-4CE3-83B6-7E91456CF035}.Debug|Any CPU.ActiveCfg = Debug|Any CPU
		{AB97887E-EF11-4CE3-83B6-7E91456CF035}.Debug|Any CPU.Build.0 = Debug|Any CPU
		{AB97887E-EF11-4CE3-83B6-7E91456CF035}.Debug|x64.ActiveCfg = Debug|x64
		{AB97887E-EF11-4CE3-83B6-7E91456CF035}.Debug|x64.Build.0 = Debug|x64
		{AB97887E-EF11-4CE3-83B6-7E91456CF035}.Release|Any CPU.ActiveCfg = Release|Any CPU
		{AB97887E-EF11-4CE3-83B6-7E91456CF035}.Release|Any CPU.Build.0 = Release|Any CPU
		{AB97887E-EF11-4CE3-83B6-7E91456CF035}.Release|x64.ActiveCfg = Release|x64
		{AB97887E-EF11-4CE3-83B6-7E91456CF035}.Release|x64.Build.0 = Release|x64
		{B7A10214-8A6C-480F-B411-0508060C352D}.Debug|Any CPU.ActiveCfg = Debug|Any CPU
		{B7A10214-8A6C-480F-B411-0508060C352D}.Debug|Any CPU.Build.0 = Debug|Any CPU
		{B7A10214-8A6C-480F-B411-0508060C352D}.Debug|x64.ActiveCfg = Debug|x64
		{B7A10214-8A6C-480F-B411-0508060C352D}.Debug|x64.Build.0 = Debug|x64
		{B7A10214-8A6C-480F-B411-0508060C352D}.Release|Any CPU.ActiveCfg = Release|Any CPU
		{B7A10214-8A6C-480F-B411-0508060C352D}.Release|Any CPU.Build.0 = Release|Any CPU
		{B7A10214-8A6C-480F-B411-0508060C352D}.Release|x64.ActiveCfg = Release|x64
		{B7A10214-8A6C-480F-B411-0508060C352D}.Release|x64.Build.0 = Release|x64
		{F8A3DDFE-39A6-403E-BFD4-47F7CFD1A5F8}.Debug|Any CPU.ActiveCfg = Debug|Any CPU
		{F8A3DDFE-39A6-403E-BFD4-47F7CFD1A5F8}.Debug|Any CPU.Build.0 = Debug|Any CPU
		{F8A3DDFE-39A6-403E-BFD4-47F7CFD1A5F8}.Debug|x64.ActiveCfg = Debug|x64
		{F8A3DDFE-39A6-403E-BFD4-47F7CFD1A5F8}.Debug|x64.Build.0 = Debug|x64
		{F8A3DDFE-39A6-403E-BFD4-47F7CFD1A5F8}.Release|Any CPU.ActiveCfg = Release|Any CPU
		{F8A3DDFE-39A6-403E-BFD4-47F7CFD1A5F8}.Release|Any CPU.Build.0 = Release|Any CPU
		{F8A3DDFE-39A6-403E-BFD4-47F7CFD1A5F8}.Release|x64.ActiveCfg = Release|x64
		{F8A3DDFE-39A6-403E-BFD4-47F7CFD1A5F8}.Release|x64.Build.0 = Release|x64
		{604C49D0-F0D5-4CA4-A627-5B47DF2D76A3}.Debug|Any CPU.ActiveCfg = Debug|Any CPU
		{604C49D0-F0D5-4CA4-A627-5B47DF2D76A3}.Debug|Any CPU.Build.0 = Debug|Any CPU
		{604C49D0-F0D5-4CA4-A627-5B47DF2D76A3}.Debug|x64.ActiveCfg = Debug|x64
		{604C49D0-F0D5-4CA4-A627-5B47DF2D76A3}.Debug|x64.Build.0 = Debug|x64
		{604C49D0-F0D5-4CA4-A627-5B47DF2D76A3}.Release|Any CPU.ActiveCfg = Release|Any CPU
		{604C49D0-F0D5-4CA4-A627-5B47DF2D76A3}.Release|Any CPU.Build.0 = Release|Any CPU
		{604C49D0-F0D5-4CA4-A627-5B47DF2D76A3}.Release|x64.ActiveCfg = Release|x64
		{604C49D0-F0D5-4CA4-A627-5B47DF2D76A3}.Release|x64.Build.0 = Release|x64
		{F8CBB59A-172D-4BF6-BCE7-9D53154F61B3}.Debug|Any CPU.ActiveCfg = Debug|Any CPU
		{F8CBB59A-172D-4BF6-BCE7-9D53154F61B3}.Debug|Any CPU.Build.0 = Debug|Any CPU
		{F8CBB59A-172D-4BF6-BCE7-9D53154F61B3}.Debug|x64.ActiveCfg = Debug|x64
		{F8CBB59A-172D-4BF6-BCE7-9D53154F61B3}.Debug|x64.Build.0 = Debug|x64
		{F8CBB59A-172D-4BF6-BCE7-9D53154F61B3}.Release|Any CPU.ActiveCfg = Release|Any CPU
		{F8CBB59A-172D-4BF6-BCE7-9D53154F61B3}.Release|Any CPU.Build.0 = Release|Any CPU
		{F8CBB59A-172D-4BF6-BCE7-9D53154F61B3}.Release|x64.ActiveCfg = Release|x64
		{F8CBB59A-172D-4BF6-BCE7-9D53154F61B3}.Release|x64.Build.0 = Release|x64
		{8D731EE2-AE7E-48A8-9A26-8F370D9FA1A2}.Debug|Any CPU.ActiveCfg = Debug|Any CPU
		{8D731EE2-AE7E-48A8-9A26-8F370D9FA1A2}.Debug|Any CPU.Build.0 = Debug|Any CPU
		{8D731EE2-AE7E-48A8-9A26-8F370D9FA1A2}.Debug|x64.ActiveCfg = Debug|x64
		{8D731EE2-AE7E-48A8-9A26-8F370D9FA1A2}.Debug|x64.Build.0 = Debug|x64
		{8D731EE2-AE7E-48A8-9A26-8F370D9FA1A2}.Release|Any CPU.ActiveCfg = Release|Any CPU
		{8D731EE2-AE7E-48A8-9A26-8F370D9FA1A2}.Release|Any CPU.Build.0 = Release|Any CPU
		{8D731EE2-AE7E-48A8-9A26-8F370D9FA1A2}.Release|x64.ActiveCfg = Release|x64
		{8D731EE2-AE7E-48A8-9A26-8F370D9FA1A2}.Release|x64.Build.0 = Release|x64
	EndGlobalSection
	GlobalSection(SolutionProperties) = preSolution
		HideSolutionNode = FALSE
	EndGlobalSection
	GlobalSection(NestedProjects) = preSolution
		{7E58342A-ECC9-4EA0-AF5A-FC144614A16A} = {7AB7E9B4-4999-4CA9-B176-31D858F2C53F}
		{604C49D0-F0D5-4CA4-A627-5B47DF2D76A3} = {7E58342A-ECC9-4EA0-AF5A-FC144614A16A}
		{F8CBB59A-172D-4BF6-BCE7-9D53154F61B3} = {7E58342A-ECC9-4EA0-AF5A-FC144614A16A}
		{8D731EE2-AE7E-48A8-9A26-8F370D9FA1A2} = {7E58342A-ECC9-4EA0-AF5A-FC144614A16A}
	EndGlobalSection
	GlobalSection(ExtensibilityGlobals) = postSolution
		SolutionGuid = {FBF7F5CF-0FE9-44E5-A4AB-BFE26D43DA8A}
	EndGlobalSection
EndGlobal
