
Microsoft Visual Studio Solution File, Format Version 12.00
# Visual Studio Version 17
VisualStudioVersion = 17.7.34221.43
MinimumVisualStudioVersion = 10.0.40219.1
Project("{FAE04EC0-301F-11D3-BF4B-00C04F79EFBC}") = "SocketNetworking", "SocketNetworking\SocketNetworking.csproj", "{AB97887E-EF11-4CE3-83B6-7E91456CF035}"
EndProject
Project("{FAE04EC0-301F-11D3-BF4B-00C04F79EFBC}") = "SocketNetworking.UnityEngine", "SocketNetworking.UnityEngine\SocketNetworking.UnityEngine.csproj", "{B7A10214-8A6C-480F-B411-0508060C352D}"
EndProject
Project("{2150E333-8FDC-42A3-9474-1A3956D46DE8}") = "Examples", "Examples", "{7AB7E9B4-4999-4CA9-B176-31D858F2C53F}"
EndProject
Project("{2150E333-8FDC-42A3-9474-1A3956D46DE8}") = "Basics", "Basics", "{7E58342A-ECC9-4EA0-AF5A-FC144614A16A}"
EndProject
Project("{FAE04EC0-301F-11D3-BF4B-00C04F79EFBC}") = "SocketNetworking.Example.Basics.Client", "SocketNetworking.Examples\Basics\Client\SocketNetworking.Example.Basics.Client.csproj", "{604C49D0-F0D5-4CA4-A627-5B47DF2D76A3}"
EndProject
Project("{FAE04EC0-301F-11D3-BF4B-00C04F79EFBC}") = "SocketNetworking.Example.Basics.Server", "SocketNetworking.Examples\Basics\Server\SocketNetworking.Example.Basics.Server.csproj", "{F8CBB59A-172D-4BF6-BCE7-9D53154F61B3}"
EndProject
Project("{FAE04EC0-301F-11D3-BF4B-00C04F79EFBC}") = "SocketNetworking.Example.Basics.SharedData", "SocketNetworking.Examples\Basics\SharedData\SocketNetworking.Example.Basics.SharedData.csproj", "{8D731EE2-AE7E-48A8-9A26-8F370D9FA1A2}"
EndProject
Project("{2150E333-8FDC-42A3-9474-1A3956D46DE8}") = "External", "External", "{7A370070-17B2-4AAE-B821-B1056741913A}"
EndProject
Project("{2150E333-8FDC-42A3-9474-1A3956D46DE8}") = "Testing", "Testing", "{722A1631-41DA-4FD7-A600-2CDF8081045F}"
EndProject
Project("{2150E333-8FDC-42A3-9474-1A3956D46DE8}") = "Chat", "Chat", "{B330B9B3-000F-454E-8DAC-CEBFB32BA968}"
EndProject
Project("{FAE04EC0-301F-11D3-BF4B-00C04F79EFBC}") = "BasicChat.Client", "SocketNetworking.Examples\Chat\BasicChat.Client\BasicChat.Client.csproj", "{E1EFFC38-775F-4B0E-B3F1-9ABCFC5A0B45}"
EndProject
Project("{FAE04EC0-301F-11D3-BF4B-00C04F79EFBC}") = "BasicChat.Shared", "SocketNetworking.Examples\Chat\BasicChat.Shared\BasicChat.Shared.csproj", "{5CF67DF6-9D60-4A99-AD01-3A50C9CEAA8C}"
EndProject
Project("{FAE04EC0-301F-11D3-BF4B-00C04F79EFBC}") = "BasicChat.Server", "SocketNetworking.Examples\Chat\BasicChat.Server\BasicChat.Server.csproj", "{694B3279-24D3-4C4A-BE10-D8880DE3A1F5}"
EndProject
Project("{FAE04EC0-301F-11D3-BF4B-00C04F79EFBC}") = "LocalTests", "SocketNetworking.Tests\LocalTests\LocalTests.csproj", "{F9767957-1A41-4D74-BE6E-5626FB910D44}"
EndProject
Project("{FAE04EC0-301F-11D3-BF4B-00C04F79EFBC}") = "Unit", "SocketNetworking.Tests\Unit\Unit.csproj", "{6E701053-8B43-4D05-8F34-AE9824AB89CE}"
EndProject
Project("{FAE04EC0-301F-11D3-BF4B-00C04F79EFBC}") = "SocketNetworking.Modding", "SocketNetworking.Modding\SocketNetworking.Modding.csproj", "{F220D225-F930-460C-BD1E-88B57FC43A87}"
EndProject
Project("{FAE04EC0-301F-11D3-BF4B-00C04F79EFBC}") = "SocketNetworking.Extras", "Extras\SocketNetworking.Extras.csproj", "{1514E9D0-7F65-4140-97F7-D3B702DF7963}"
EndProject
Global
	GlobalSection(SolutionConfigurationPlatforms) = preSolution
		Debug|Any CPU = Debug|Any CPU
		Debug|x64 = Debug|x64
		Release|Any CPU = Release|Any CPU
		Release|x64 = Release|x64
	EndGlobalSection
	GlobalSection(ProjectConfigurationPlatforms) = postSolution
		{AB97887E-EF11-4CE3-83B6-7E91456CF035}.Debug|Any CPU.ActiveCfg = Debug|Any CPU
		{AB97887E-EF11-4CE3-83B6-7E91456CF035}.Debug|Any CPU.Build.0 = Debug|Any CPU
		{AB97887E-EF11-4CE3-83B6-7E91456CF035}.Debug|x64.ActiveCfg = Debug|x64
		{AB97887E-EF11-4CE3-83B6-7E91456CF035}.Debug|x64.Build.0 = Debug|x64
		{AB97887E-EF11-4CE3-83B6-7E91456CF035}.Release|Any CPU.ActiveCfg = Release|Any CPU
		{AB97887E-EF11-4CE3-83B6-7E91456CF035}.Release|Any CPU.Build.0 = Release|Any CPU
		{AB97887E-EF11-4CE3-83B6-7E91456CF035}.Release|x64.ActiveCfg = Release|x64
		{AB97887E-EF11-4CE3-83B6-7E91456CF035}.Release|x64.Build.0 = Release|x64
		{B7A10214-8A6C-480F-B411-0508060C352D}.Debug|Any CPU.ActiveCfg = Debug|Any CPU
		{B7A10214-8A6C-480F-B411-0508060C352D}.Debug|Any CPU.Build.0 = Debug|Any CPU
		{B7A10214-8A6C-480F-B411-0508060C352D}.Debug|x64.ActiveCfg = Debug|x64
		{B7A10214-8A6C-480F-B411-0508060C352D}.Debug|x64.Build.0 = Debug|x64
		{B7A10214-8A6C-480F-B411-0508060C352D}.Release|Any CPU.ActiveCfg = Release|Any CPU
		{B7A10214-8A6C-480F-B411-0508060C352D}.Release|Any CPU.Build.0 = Release|Any CPU
		{B7A10214-8A6C-480F-B411-0508060C352D}.Release|x64.ActiveCfg = Release|x64
		{B7A10214-8A6C-480F-B411-0508060C352D}.Release|x64.Build.0 = Release|x64
		{604C49D0-F0D5-4CA4-A627-5B47DF2D76A3}.Debug|Any CPU.ActiveCfg = Debug|Any CPU
		{604C49D0-F0D5-4CA4-A627-5B47DF2D76A3}.Debug|Any CPU.Build.0 = Debug|Any CPU
		{604C49D0-F0D5-4CA4-A627-5B47DF2D76A3}.Debug|x64.ActiveCfg = Debug|x64
		{604C49D0-F0D5-4CA4-A627-5B47DF2D76A3}.Debug|x64.Build.0 = Debug|x64
		{604C49D0-F0D5-4CA4-A627-5B47DF2D76A3}.Release|Any CPU.ActiveCfg = Release|Any CPU
		{604C49D0-F0D5-4CA4-A627-5B47DF2D76A3}.Release|Any CPU.Build.0 = Release|Any CPU
		{604C49D0-F0D5-4CA4-A627-5B47DF2D76A3}.Release|x64.ActiveCfg = Release|x64
		{604C49D0-F0D5-4CA4-A627-5B47DF2D76A3}.Release|x64.Build.0 = Release|x64
		{F8CBB59A-172D-4BF6-BCE7-9D53154F61B3}.Debug|Any CPU.ActiveCfg = Debug|Any CPU
		{F8CBB59A-172D-4BF6-BCE7-9D53154F61B3}.Debug|Any CPU.Build.0 = Debug|Any CPU
		{F8CBB59A-172D-4BF6-BCE7-9D53154F61B3}.Debug|x64.ActiveCfg = Debug|x64
		{F8CBB59A-172D-4BF6-BCE7-9D53154F61B3}.Debug|x64.Build.0 = Debug|x64
		{F8CBB59A-172D-4BF6-BCE7-9D53154F61B3}.Release|Any CPU.ActiveCfg = Release|Any CPU
		{F8CBB59A-172D-4BF6-BCE7-9D53154F61B3}.Release|Any CPU.Build.0 = Release|Any CPU
		{F8CBB59A-172D-4BF6-BCE7-9D53154F61B3}.Release|x64.ActiveCfg = Release|x64
		{F8CBB59A-172D-4BF6-BCE7-9D53154F61B3}.Release|x64.Build.0 = Release|x64
		{8D731EE2-AE7E-48A8-9A26-8F370D9FA1A2}.Debug|Any CPU.ActiveCfg = Debug|Any CPU
		{8D731EE2-AE7E-48A8-9A26-8F370D9FA1A2}.Debug|Any CPU.Build.0 = Debug|Any CPU
		{8D731EE2-AE7E-48A8-9A26-8F370D9FA1A2}.Debug|x64.ActiveCfg = Debug|x64
		{8D731EE2-AE7E-48A8-9A26-8F370D9FA1A2}.Debug|x64.Build.0 = Debug|x64
		{8D731EE2-AE7E-48A8-9A26-8F370D9FA1A2}.Release|Any CPU.ActiveCfg = Release|Any CPU
		{8D731EE2-AE7E-48A8-9A26-8F370D9FA1A2}.Release|Any CPU.Build.0 = Release|Any CPU
		{8D731EE2-AE7E-48A8-9A26-8F370D9FA1A2}.Release|x64.ActiveCfg = Release|x64
		{8D731EE2-AE7E-48A8-9A26-8F370D9FA1A2}.Release|x64.Build.0 = Release|x64
		{E1EFFC38-775F-4B0E-B3F1-9ABCFC5A0B45}.Debug|Any CPU.ActiveCfg = Debug|Any CPU
		{E1EFFC38-775F-4B0E-B3F1-9ABCFC5A0B45}.Debug|Any CPU.Build.0 = Debug|Any CPU
		{E1EFFC38-775F-4B0E-B3F1-9ABCFC5A0B45}.Debug|x64.ActiveCfg = Debug|Any CPU
		{E1EFFC38-775F-4B0E-B3F1-9ABCFC5A0B45}.Debug|x64.Build.0 = Debug|Any CPU
		{E1EFFC38-775F-4B0E-B3F1-9ABCFC5A0B45}.Release|Any CPU.ActiveCfg = Release|Any CPU
		{E1EFFC38-775F-4B0E-B3F1-9ABCFC5A0B45}.Release|Any CPU.Build.0 = Release|Any CPU
		{E1EFFC38-775F-4B0E-B3F1-9ABCFC5A0B45}.Release|x64.ActiveCfg = Release|Any CPU
		{E1EFFC38-775F-4B0E-B3F1-9ABCFC5A0B45}.Release|x64.Build.0 = Release|Any CPU
		{5CF67DF6-9D60-4A99-AD01-3A50C9CEAA8C}.Debug|Any CPU.ActiveCfg = Debug|Any CPU
		{5CF67DF6-9D60-4A99-AD01-3A50C9CEAA8C}.Debug|Any CPU.Build.0 = Debug|Any CPU
		{5CF67DF6-9D60-4A99-AD01-3A50C9CEAA8C}.Debug|x64.ActiveCfg = Debug|Any CPU
		{5CF67DF6-9D60-4A99-AD01-3A50C9CEAA8C}.Debug|x64.Build.0 = Debug|Any CPU
		{5CF67DF6-9D60-4A99-AD01-3A50C9CEAA8C}.Release|Any CPU.ActiveCfg = Release|Any CPU
		{5CF67DF6-9D60-4A99-AD01-3A50C9CEAA8C}.Release|Any CPU.Build.0 = Release|Any CPU
		{5CF67DF6-9D60-4A99-AD01-3A50C9CEAA8C}.Release|x64.ActiveCfg = Release|Any CPU
		{5CF67DF6-9D60-4A99-AD01-3A50C9CEAA8C}.Release|x64.Build.0 = Release|Any CPU
		{694B3279-24D3-4C4A-BE10-D8880DE3A1F5}.Debug|Any CPU.ActiveCfg = Debug|Any CPU
		{694B3279-24D3-4C4A-BE10-D8880DE3A1F5}.Debug|Any CPU.Build.0 = Debug|Any CPU
		{694B3279-24D3-4C4A-BE10-D8880DE3A1F5}.Debug|x64.ActiveCfg = Debug|Any CPU
		{694B3279-24D3-4C4A-BE10-D8880DE3A1F5}.Debug|x64.Build.0 = Debug|Any CPU
		{694B3279-24D3-4C4A-BE10-D8880DE3A1F5}.Release|Any CPU.ActiveCfg = Release|Any CPU
		{694B3279-24D3-4C4A-BE10-D8880DE3A1F5}.Release|Any CPU.Build.0 = Release|Any CPU
		{694B3279-24D3-4C4A-BE10-D8880DE3A1F5}.Release|x64.ActiveCfg = Release|Any CPU
		{694B3279-24D3-4C4A-BE10-D8880DE3A1F5}.Release|x64.Build.0 = Release|Any CPU
		{F9767957-1A41-4D74-BE6E-5626FB910D44}.Debug|Any CPU.ActiveCfg = Debug|Any CPU
		{F9767957-1A41-4D74-BE6E-5626FB910D44}.Debug|Any CPU.Build.0 = Debug|Any CPU
		{F9767957-1A41-4D74-BE6E-5626FB910D44}.Debug|x64.ActiveCfg = Debug|Any CPU
		{F9767957-1A41-4D74-BE6E-5626FB910D44}.Debug|x64.Build.0 = Debug|Any CPU
		{F9767957-1A41-4D74-BE6E-5626FB910D44}.Release|Any CPU.ActiveCfg = Release|Any CPU
		{F9767957-1A41-4D74-BE6E-5626FB910D44}.Release|Any CPU.Build.0 = Release|Any CPU
		{F9767957-1A41-4D74-BE6E-5626FB910D44}.Release|x64.ActiveCfg = Release|Any CPU
		{F9767957-1A41-4D74-BE6E-5626FB910D44}.Release|x64.Build.0 = Release|Any CPU
		{6E701053-8B43-4D05-8F34-AE9824AB89CE}.Debug|Any CPU.ActiveCfg = Debug|Any CPU
		{6E701053-8B43-4D05-8F34-AE9824AB89CE}.Debug|Any CPU.Build.0 = Debug|Any CPU
		{6E701053-8B43-4D05-8F34-AE9824AB89CE}.Debug|x64.ActiveCfg = Debug|Any CPU
		{6E701053-8B43-4D05-8F34-AE9824AB89CE}.Debug|x64.Build.0 = Debug|Any CPU
		{6E701053-8B43-4D05-8F34-AE9824AB89CE}.Release|Any CPU.ActiveCfg = Release|Any CPU
		{6E701053-8B43-4D05-8F34-AE9824AB89CE}.Release|Any CPU.Build.0 = Release|Any CPU
		{6E701053-8B43-4D05-8F34-AE9824AB89CE}.Release|x64.ActiveCfg = Release|Any CPU
		{6E701053-8B43-4D05-8F34-AE9824AB89CE}.Release|x64.Build.0 = Release|Any CPU
		{F220D225-F930-460C-BD1E-88B57FC43A87}.Debug|Any CPU.ActiveCfg = Debug|Any CPU
		{F220D225-F930-460C-BD1E-88B57FC43A87}.Debug|Any CPU.Build.0 = Debug|Any CPU
		{F220D225-F930-460C-BD1E-88B57FC43A87}.Debug|x64.ActiveCfg = Debug|Any CPU
		{F220D225-F930-460C-BD1E-88B57FC43A87}.Debug|x64.Build.0 = Debug|Any CPU
		{F220D225-F930-460C-BD1E-88B57FC43A87}.Release|Any CPU.ActiveCfg = Release|Any CPU
		{F220D225-F930-460C-BD1E-88B57FC43A87}.Release|Any CPU.Build.0 = Release|Any CPU
		{F220D225-F930-460C-BD1E-88B57FC43A87}.Release|x64.ActiveCfg = Release|Any CPU
		{F220D225-F930-460C-BD1E-88B57FC43A87}.Release|x64.Build.0 = Release|Any CPU
		{1514E9D0-7F65-4140-97F7-D3B702DF7963}.Debug|Any CPU.ActiveCfg = Debug|Any CPU
		{1514E9D0-7F65-4140-97F7-D3B702DF7963}.Debug|Any CPU.Build.0 = Debug|Any CPU
		{1514E9D0-7F65-4140-97F7-D3B702DF7963}.Debug|x64.ActiveCfg = Debug|Any CPU
		{1514E9D0-7F65-4140-97F7-D3B702DF7963}.Debug|x64.Build.0 = Debug|Any CPU
		{1514E9D0-7F65-4140-97F7-D3B702DF7963}.Release|Any CPU.ActiveCfg = Release|Any CPU
		{1514E9D0-7F65-4140-97F7-D3B702DF7963}.Release|Any CPU.Build.0 = Release|Any CPU
		{1514E9D0-7F65-4140-97F7-D3B702DF7963}.Release|x64.ActiveCfg = Release|Any CPU
		{1514E9D0-7F65-4140-97F7-D3B702DF7963}.Release|x64.Build.0 = Release|Any CPU
	EndGlobalSection
	GlobalSection(SolutionProperties) = preSolution
		HideSolutionNode = FALSE
	EndGlobalSection
	GlobalSection(NestedProjects) = preSolution
		{B7A10214-8A6C-480F-B411-0508060C352D} = {7A370070-17B2-4AAE-B821-B1056741913A}
		{7E58342A-ECC9-4EA0-AF5A-FC144614A16A} = {7AB7E9B4-4999-4CA9-B176-31D858F2C53F}
		{604C49D0-F0D5-4CA4-A627-5B47DF2D76A3} = {7E58342A-ECC9-4EA0-AF5A-FC144614A16A}
		{F8CBB59A-172D-4BF6-BCE7-9D53154F61B3} = {7E58342A-ECC9-4EA0-AF5A-FC144614A16A}
		{8D731EE2-AE7E-48A8-9A26-8F370D9FA1A2} = {7E58342A-ECC9-4EA0-AF5A-FC144614A16A}
		{B330B9B3-000F-454E-8DAC-CEBFB32BA968} = {7AB7E9B4-4999-4CA9-B176-31D858F2C53F}
		{E1EFFC38-775F-4B0E-B3F1-9ABCFC5A0B45} = {B330B9B3-000F-454E-8DAC-CEBFB32BA968}
		{5CF67DF6-9D60-4A99-AD01-3A50C9CEAA8C} = {B330B9B3-000F-454E-8DAC-CEBFB32BA968}
		{694B3279-24D3-4C4A-BE10-D8880DE3A1F5} = {B330B9B3-000F-454E-8DAC-CEBFB32BA968}
		{F9767957-1A41-4D74-BE6E-5626FB910D44} = {722A1631-41DA-4FD7-A600-2CDF8081045F}
		{6E701053-8B43-4D05-8F34-AE9824AB89CE} = {722A1631-41DA-4FD7-A600-2CDF8081045F}
		{F220D225-F930-460C-BD1E-88B57FC43A87} = {7A370070-17B2-4AAE-B821-B1056741913A}
		{1514E9D0-7F65-4140-97F7-D3B702DF7963} = {7A370070-17B2-4AAE-B821-B1056741913A}
	EndGlobalSection
	GlobalSection(ExtensibilityGlobals) = postSolution
		SolutionGuid = {FBF7F5CF-0FE9-44E5-A4AB-BFE26D43DA8A}
	EndGlobalSection
EndGlobal
